
Microsoft Visual Studio Solution File, Format Version 12.00
# Visual Studio Version 17
VisualStudioVersion = 17.7.34302.85
MinimumVisualStudioVersion = 10.0.40219.1
Project("{8BC9CEB8-8B4A-11D0-8D11-00A0C91BC942}") = "CP Assignment 2", "CP Assignment 2\CP Assignment 2.vcxproj", "{AA59392B-87F9-44A5-9EFB-A8A0CC497CCF}"
EndProject
Global
	GlobalSection(SolutionConfigurationPlatforms) = preSolution
		Debug|x64 = Debug|x64
		Debug|x86 = Debug|x86
		Release|x64 = Release|x64
		Release|x86 = Release|x86
	EndGlobalSection
	GlobalSection(ProjectConfigurationPlatforms) = postSolution
		{AA59392B-87F9-44A5-9EFB-A8A0CC497CCF}.Debug|x64.ActiveCfg = Debug|x64
		{AA59392B-87F9-44A5-9EFB-A8A0CC497CCF}.Debug|x64.Build.0 = Debug|x64
		{AA59392B-87F9-44A5-9EFB-A8A0CC497CCF}.Debug|x86.ActiveCfg = Debug|Win32
		{AA59392B-87F9-44A5-9EFB-A8A0CC497CCF}.Debug|x86.Build.0 = Debug|Win32
		{AA59392B-87F9-44A5-9EFB-A8A0CC497CCF}.Release|x64.ActiveCfg = Release|x64
		{AA59392B-87F9-44A5-9EFB-A8A0CC497CCF}.Release|x64.Build.0 = Release|x64
		{AA59392B-87F9-44A5-9EFB-A8A0CC497CCF}.Release|x86.ActiveCfg = Release|Win32
		{AA59392B-87F9-44A5-9EFB-A8A0CC497CCF}.Release|x86.Build.0 = Release|Win32
	EndGlobalSection
	GlobalSection(SolutionProperties) = preSolution
		HideSolutionNode = FALSE
	EndGlobalSection
	GlobalSection(ExtensibilityGlobals) = postSolution
		SolutionGuid = {AA1E04DF-43E4-4CEB-99D3-1AF58D77D7F0}
	EndGlobalSection
EndGlobal
